
Microsoft Visual Studio Solution File, Format Version 12.00
# Visual Studio 15
VisualStudioVersion = 15.0.27703.2000
MinimumVisualStudioVersion = 10.0.40219.1
Project("{9A19103F-16F7-4668-BE54-9A1E7A4F7556}") = "01_DaysOfTheWeek", "01_DaysOfTheWeek\01_DaysOfTheWeek.csproj", "{D88F8D5E-8074-4899-B52A-C3A4A53F5253}"
EndProject
Project("{9A19103F-16F7-4668-BE54-9A1E7A4F7556}") = "02_ReverseAnArrayOfIntegers", "02_ReverseAnArrayOfIntegers\02_ReverseAnArrayOfIntegers.csproj", "{38E19517-7175-4EC2-84A7-E97EDD3FC0F2}"
EndProject
Project("{9A19103F-16F7-4668-BE54-9A1E7A4F7556}") = "03_LastKNumbersSumsSequence", "03_LastKNumbersSumsSequence\03_LastKNumbersSumsSequence.csproj", "{A36BA0AD-2901-426F-A884-3578681FFFFF}"
EndProject
Project("{9A19103F-16F7-4668-BE54-9A1E7A4F7556}") = "05_RoundingNumbersAwayFromZero", "05_RoundingNumbersAwayFromZero\05_RoundingNumbersAwayFromZero.csproj", "{2F1EA63A-B7C4-4EC6-909F-84523BE4CC0F}"
EndProject
Project("{FAE04EC0-301F-11D3-BF4B-00C04F79EFBC}") = "teest", "teest\teest.csproj", "{6069FAB2-5062-400A-8F36-EC2C87FA0174}"
EndProject
Project("{FAE04EC0-301F-11D3-BF4B-00C04F79EFBC}") = "04_TripleSum", "04_TripleSum\04_TripleSum.csproj", "{93F18878-7885-4B3A-9E10-E78BCE44970E}"
EndProject
Global
	GlobalSection(SolutionConfigurationPlatforms) = preSolution
		Debug|Any CPU = Debug|Any CPU
		Release|Any CPU = Release|Any CPU
	EndGlobalSection
	GlobalSection(ProjectConfigurationPlatforms) = postSolution
		{D88F8D5E-8074-4899-B52A-C3A4A53F5253}.Debug|Any CPU.ActiveCfg = Debug|Any CPU
		{D88F8D5E-8074-4899-B52A-C3A4A53F5253}.Debug|Any CPU.Build.0 = Debug|Any CPU
		{D88F8D5E-8074-4899-B52A-C3A4A53F5253}.Release|Any CPU.ActiveCfg = Release|Any CPU
		{D88F8D5E-8074-4899-B52A-C3A4A53F5253}.Release|Any CPU.Build.0 = Release|Any CPU
		{38E19517-7175-4EC2-84A7-E97EDD3FC0F2}.Debug|Any CPU.ActiveCfg = Debug|Any CPU
		{38E19517-7175-4EC2-84A7-E97EDD3FC0F2}.Debug|Any CPU.Build.0 = Debug|Any CPU
		{38E19517-7175-4EC2-84A7-E97EDD3FC0F2}.Release|Any CPU.ActiveCfg = Release|Any CPU
		{38E19517-7175-4EC2-84A7-E97EDD3FC0F2}.Release|Any CPU.Build.0 = Release|Any CPU
		{A36BA0AD-2901-426F-A884-3578681FFFFF}.Debug|Any CPU.ActiveCfg = Debug|Any CPU
		{A36BA0AD-2901-426F-A884-3578681FFFFF}.Debug|Any CPU.Build.0 = Debug|Any CPU
		{A36BA0AD-2901-426F-A884-3578681FFFFF}.Release|Any CPU.ActiveCfg = Release|Any CPU
		{A36BA0AD-2901-426F-A884-3578681FFFFF}.Release|Any CPU.Build.0 = Release|Any CPU
		{2F1EA63A-B7C4-4EC6-909F-84523BE4CC0F}.Debug|Any CPU.ActiveCfg = Debug|Any CPU
		{2F1EA63A-B7C4-4EC6-909F-84523BE4CC0F}.Debug|Any CPU.Build.0 = Debug|Any CPU
		{2F1EA63A-B7C4-4EC6-909F-84523BE4CC0F}.Release|Any CPU.ActiveCfg = Release|Any CPU
		{2F1EA63A-B7C4-4EC6-909F-84523BE4CC0F}.Release|Any CPU.Build.0 = Release|Any CPU
		{6069FAB2-5062-400A-8F36-EC2C87FA0174}.Debug|Any CPU.ActiveCfg = Debug|Any CPU
		{6069FAB2-5062-400A-8F36-EC2C87FA0174}.Debug|Any CPU.Build.0 = Debug|Any CPU
		{6069FAB2-5062-400A-8F36-EC2C87FA0174}.Release|Any CPU.ActiveCfg = Release|Any CPU
		{6069FAB2-5062-400A-8F36-EC2C87FA0174}.Release|Any CPU.Build.0 = Release|Any CPU
		{93F18878-7885-4B3A-9E10-E78BCE44970E}.Debug|Any CPU.ActiveCfg = Debug|Any CPU
		{93F18878-7885-4B3A-9E10-E78BCE44970E}.Debug|Any CPU.Build.0 = Debug|Any CPU
		{93F18878-7885-4B3A-9E10-E78BCE44970E}.Release|Any CPU.ActiveCfg = Release|Any CPU
		{93F18878-7885-4B3A-9E10-E78BCE44970E}.Release|Any CPU.Build.0 = Release|Any CPU
	EndGlobalSection
	GlobalSection(SolutionProperties) = preSolution
		HideSolutionNode = FALSE
	EndGlobalSection
	GlobalSection(ExtensibilityGlobals) = postSolution
		SolutionGuid = {604188D4-203D-4BD8-A160-A1F48C23448B}
	EndGlobalSection
EndGlobal
