
Microsoft Visual Studio Solution File, Format Version 12.00
# Visual Studio 15
VisualStudioVersion = 15.0.27703.2000
MinimumVisualStudioVersion = 10.0.40219.1
Project("{FAE04EC0-301F-11D3-BF4B-00C04F79EFBC}") = "01_HelloName", "01_HelloName\01_HelloName.csproj", "{B1692685-DD64-489D-B00C-EC67D02E63C6}"
EndProject
Project("{FAE04EC0-301F-11D3-BF4B-00C04F79EFBC}") = "02_MaxMethod", "02_MaxMethod\02_MaxMethod.csproj", "{ABD9BFDA-68CB-4270-ADC2-E53C76978B0B}"
EndProject
Project("{FAE04EC0-301F-11D3-BF4B-00C04F79EFBC}") = "03_EnglishNameOfTheLastDigit", "03_EnglishNameOfTheLastDigit\03_EnglishNameOfTheLastDigit.csproj", "{D1685729-ABF1-4211-A7EC-C1CE5FF252EE}"
EndProject
Project("{FAE04EC0-301F-11D3-BF4B-00C04F79EFBC}") = "04_NumbersInReversedOrder", "04_NumbersInReversedOrder\04_NumbersInReversedOrder.csproj", "{D160E87E-891B-4641-9975-8F4272E24139}"
EndProject
Global
	GlobalSection(SolutionConfigurationPlatforms) = preSolution
		Debug|Any CPU = Debug|Any CPU
		Release|Any CPU = Release|Any CPU
	EndGlobalSection
	GlobalSection(ProjectConfigurationPlatforms) = postSolution
		{B1692685-DD64-489D-B00C-EC67D02E63C6}.Debug|Any CPU.ActiveCfg = Debug|Any CPU
		{B1692685-DD64-489D-B00C-EC67D02E63C6}.Debug|Any CPU.Build.0 = Debug|Any CPU
		{B1692685-DD64-489D-B00C-EC67D02E63C6}.Release|Any CPU.ActiveCfg = Release|Any CPU
		{B1692685-DD64-489D-B00C-EC67D02E63C6}.Release|Any CPU.Build.0 = Release|Any CPU
		{ABD9BFDA-68CB-4270-ADC2-E53C76978B0B}.Debug|Any CPU.ActiveCfg = Debug|Any CPU
		{ABD9BFDA-68CB-4270-ADC2-E53C76978B0B}.Debug|Any CPU.Build.0 = Debug|Any CPU
		{ABD9BFDA-68CB-4270-ADC2-E53C76978B0B}.Release|Any CPU.ActiveCfg = Release|Any CPU
		{ABD9BFDA-68CB-4270-ADC2-E53C76978B0B}.Release|Any CPU.Build.0 = Release|Any CPU
		{D1685729-ABF1-4211-A7EC-C1CE5FF252EE}.Debug|Any CPU.ActiveCfg = Debug|Any CPU
		{D1685729-ABF1-4211-A7EC-C1CE5FF252EE}.Debug|Any CPU.Build.0 = Debug|Any CPU
		{D1685729-ABF1-4211-A7EC-C1CE5FF252EE}.Release|Any CPU.ActiveCfg = Release|Any CPU
		{D1685729-ABF1-4211-A7EC-C1CE5FF252EE}.Release|Any CPU.Build.0 = Release|Any CPU
		{D160E87E-891B-4641-9975-8F4272E24139}.Debug|Any CPU.ActiveCfg = Debug|Any CPU
		{D160E87E-891B-4641-9975-8F4272E24139}.Debug|Any CPU.Build.0 = Debug|Any CPU
		{D160E87E-891B-4641-9975-8F4272E24139}.Release|Any CPU.ActiveCfg = Release|Any CPU
		{D160E87E-891B-4641-9975-8F4272E24139}.Release|Any CPU.Build.0 = Release|Any CPU
	EndGlobalSection
	GlobalSection(SolutionProperties) = preSolution
		HideSolutionNode = FALSE
	EndGlobalSection
	GlobalSection(ExtensibilityGlobals) = postSolution
		SolutionGuid = {66950B18-B468-47CF-96A7-C367E7A02BCC}
	EndGlobalSection
EndGlobal
