
Microsoft Visual Studio Solution File, Format Version 12.00
# Visual Studio 15
VisualStudioVersion = 15.0.27703.2000
MinimumVisualStudioVersion = 10.0.40219.1
Project("{FAE04EC0-301F-11D3-BF4B-00C04F79EFBC}") = "01_ChooseADrink", "01_ChooseADrink\01_ChooseADrink.csproj", "{6ED82C7D-F39D-4DC8-9A04-91EF9339AA24}"
EndProject
Project("{FAE04EC0-301F-11D3-BF4B-00C04F79EFBC}") = "02_ChooseADrink2", "02_ChooseADrink2\02_ChooseADrink2.csproj", "{0995C36D-A153-4AC1-B802-D88936C597B6}"
EndProject
Project("{FAE04EC0-301F-11D3-BF4B-00C04F79EFBC}") = "03_RestaurantDiscount", "03_RestaurantDiscount\03_RestaurantDiscount.csproj", "{FD57BFAA-FC70-4325-95C4-DF5AAD36D0ED}"
EndProject
Project("{FAE04EC0-301F-11D3-BF4B-00C04F79EFBC}") = "04_Hotel", "04_Hotel\04_Hotel.csproj", "{9570945A-1CFA-4FD6-9714-EA46225609E9}"
EndProject
Project("{FAE04EC0-301F-11D3-BF4B-00C04F79EFBC}") = "05_WordInPlural", "05_WordInPlural\05_WordInPlural.csproj", "{9687698A-2138-473E-A3A0-38FB9DD475C2}"
EndProject
Project("{FAE04EC0-301F-11D3-BF4B-00C04F79EFBC}") = "06_IntervalOfNumbers", "06_IntervalOfNumbers\06_IntervalOfNumbers.csproj", "{8218C0F4-5053-4298-8C45-12C61B4BA6AB}"
EndProject
Project("{FAE04EC0-301F-11D3-BF4B-00C04F79EFBC}") = "07_CakeIngredients", "07_CakeIngredients\07_CakeIngredients.csproj", "{F436B92A-7F41-4674-8ACB-3C418A5872BB}"
EndProject
Project("{FAE04EC0-301F-11D3-BF4B-00C04F79EFBC}") = "08_CaloriesCounter", "08_CaloriesCounter\08_CaloriesCounter.csproj", "{6E65627D-7942-4AC9-BF24-56887E89FC5F}"
EndProject
Project("{FAE04EC0-301F-11D3-BF4B-00C04F79EFBC}") = "09_CountTheIntegers", "09_CountTheIntegers\09_CountTheIntegers.csproj", "{C8FECD57-EA33-403E-A827-0FBB7843C5F3}"
EndProject
Project("{FAE04EC0-301F-11D3-BF4B-00C04F79EFBC}") = "10_TriangleOfNumbers", "10_TriangleOfNumbers\10_TriangleOfNumbers.csproj", "{F24F71DD-6DB0-45EA-84A7-214C4C9BCED0}"
EndProject
Project("{FAE04EC0-301F-11D3-BF4B-00C04F79EFBC}") = "11_5DifferentNumbers", "11_5DifferentNumbers\11_5DifferentNumbers.csproj", "{9D98A4CB-273E-4381-A520-ADFCB1F41D84}"
EndProject
Project("{FAE04EC0-301F-11D3-BF4B-00C04F79EFBC}") = "14_MagicLetter", "14_MagicLetter\14_MagicLetter.csproj", "{A76C812D-CCA7-4C05-B1B7-84DC928B75AD}"
EndProject
Global
	GlobalSection(SolutionConfigurationPlatforms) = preSolution
		Debug|Any CPU = Debug|Any CPU
		Release|Any CPU = Release|Any CPU
	EndGlobalSection
	GlobalSection(ProjectConfigurationPlatforms) = postSolution
		{6ED82C7D-F39D-4DC8-9A04-91EF9339AA24}.Debug|Any CPU.ActiveCfg = Debug|Any CPU
		{6ED82C7D-F39D-4DC8-9A04-91EF9339AA24}.Debug|Any CPU.Build.0 = Debug|Any CPU
		{6ED82C7D-F39D-4DC8-9A04-91EF9339AA24}.Release|Any CPU.ActiveCfg = Release|Any CPU
		{6ED82C7D-F39D-4DC8-9A04-91EF9339AA24}.Release|Any CPU.Build.0 = Release|Any CPU
		{0995C36D-A153-4AC1-B802-D88936C597B6}.Debug|Any CPU.ActiveCfg = Debug|Any CPU
		{0995C36D-A153-4AC1-B802-D88936C597B6}.Debug|Any CPU.Build.0 = Debug|Any CPU
		{0995C36D-A153-4AC1-B802-D88936C597B6}.Release|Any CPU.ActiveCfg = Release|Any CPU
		{0995C36D-A153-4AC1-B802-D88936C597B6}.Release|Any CPU.Build.0 = Release|Any CPU
		{FD57BFAA-FC70-4325-95C4-DF5AAD36D0ED}.Debug|Any CPU.ActiveCfg = Debug|Any CPU
		{FD57BFAA-FC70-4325-95C4-DF5AAD36D0ED}.Debug|Any CPU.Build.0 = Debug|Any CPU
		{FD57BFAA-FC70-4325-95C4-DF5AAD36D0ED}.Release|Any CPU.ActiveCfg = Release|Any CPU
		{FD57BFAA-FC70-4325-95C4-DF5AAD36D0ED}.Release|Any CPU.Build.0 = Release|Any CPU
		{9570945A-1CFA-4FD6-9714-EA46225609E9}.Debug|Any CPU.ActiveCfg = Debug|Any CPU
		{9570945A-1CFA-4FD6-9714-EA46225609E9}.Debug|Any CPU.Build.0 = Debug|Any CPU
		{9570945A-1CFA-4FD6-9714-EA46225609E9}.Release|Any CPU.ActiveCfg = Release|Any CPU
		{9570945A-1CFA-4FD6-9714-EA46225609E9}.Release|Any CPU.Build.0 = Release|Any CPU
		{9687698A-2138-473E-A3A0-38FB9DD475C2}.Debug|Any CPU.ActiveCfg = Debug|Any CPU
		{9687698A-2138-473E-A3A0-38FB9DD475C2}.Debug|Any CPU.Build.0 = Debug|Any CPU
		{9687698A-2138-473E-A3A0-38FB9DD475C2}.Release|Any CPU.ActiveCfg = Release|Any CPU
		{9687698A-2138-473E-A3A0-38FB9DD475C2}.Release|Any CPU.Build.0 = Release|Any CPU
		{8218C0F4-5053-4298-8C45-12C61B4BA6AB}.Debug|Any CPU.ActiveCfg = Debug|Any CPU
		{8218C0F4-5053-4298-8C45-12C61B4BA6AB}.Debug|Any CPU.Build.0 = Debug|Any CPU
		{8218C0F4-5053-4298-8C45-12C61B4BA6AB}.Release|Any CPU.ActiveCfg = Release|Any CPU
		{8218C0F4-5053-4298-8C45-12C61B4BA6AB}.Release|Any CPU.Build.0 = Release|Any CPU
		{F436B92A-7F41-4674-8ACB-3C418A5872BB}.Debug|Any CPU.ActiveCfg = Debug|Any CPU
		{F436B92A-7F41-4674-8ACB-3C418A5872BB}.Debug|Any CPU.Build.0 = Debug|Any CPU
		{F436B92A-7F41-4674-8ACB-3C418A5872BB}.Release|Any CPU.ActiveCfg = Release|Any CPU
		{F436B92A-7F41-4674-8ACB-3C418A5872BB}.Release|Any CPU.Build.0 = Release|Any CPU
		{6E65627D-7942-4AC9-BF24-56887E89FC5F}.Debug|Any CPU.ActiveCfg = Debug|Any CPU
		{6E65627D-7942-4AC9-BF24-56887E89FC5F}.Debug|Any CPU.Build.0 = Debug|Any CPU
		{6E65627D-7942-4AC9-BF24-56887E89FC5F}.Release|Any CPU.ActiveCfg = Release|Any CPU
		{6E65627D-7942-4AC9-BF24-56887E89FC5F}.Release|Any CPU.Build.0 = Release|Any CPU
		{C8FECD57-EA33-403E-A827-0FBB7843C5F3}.Debug|Any CPU.ActiveCfg = Debug|Any CPU
		{C8FECD57-EA33-403E-A827-0FBB7843C5F3}.Debug|Any CPU.Build.0 = Debug|Any CPU
		{C8FECD57-EA33-403E-A827-0FBB7843C5F3}.Release|Any CPU.ActiveCfg = Release|Any CPU
		{C8FECD57-EA33-403E-A827-0FBB7843C5F3}.Release|Any CPU.Build.0 = Release|Any CPU
		{F24F71DD-6DB0-45EA-84A7-214C4C9BCED0}.Debug|Any CPU.ActiveCfg = Debug|Any CPU
		{F24F71DD-6DB0-45EA-84A7-214C4C9BCED0}.Debug|Any CPU.Build.0 = Debug|Any CPU
		{F24F71DD-6DB0-45EA-84A7-214C4C9BCED0}.Release|Any CPU.ActiveCfg = Release|Any CPU
		{F24F71DD-6DB0-45EA-84A7-214C4C9BCED0}.Release|Any CPU.Build.0 = Release|Any CPU
		{9D98A4CB-273E-4381-A520-ADFCB1F41D84}.Debug|Any CPU.ActiveCfg = Debug|Any CPU
		{9D98A4CB-273E-4381-A520-ADFCB1F41D84}.Debug|Any CPU.Build.0 = Debug|Any CPU
		{9D98A4CB-273E-4381-A520-ADFCB1F41D84}.Release|Any CPU.ActiveCfg = Release|Any CPU
		{9D98A4CB-273E-4381-A520-ADFCB1F41D84}.Release|Any CPU.Build.0 = Release|Any CPU
		{A76C812D-CCA7-4C05-B1B7-84DC928B75AD}.Debug|Any CPU.ActiveCfg = Debug|Any CPU
		{A76C812D-CCA7-4C05-B1B7-84DC928B75AD}.Debug|Any CPU.Build.0 = Debug|Any CPU
		{A76C812D-CCA7-4C05-B1B7-84DC928B75AD}.Release|Any CPU.ActiveCfg = Release|Any CPU
		{A76C812D-CCA7-4C05-B1B7-84DC928B75AD}.Release|Any CPU.Build.0 = Release|Any CPU
	EndGlobalSection
	GlobalSection(SolutionProperties) = preSolution
		HideSolutionNode = FALSE
	EndGlobalSection
	GlobalSection(ExtensibilityGlobals) = postSolution
		SolutionGuid = {9E81C62A-A436-4BD0-B0A2-9228B3666BAE}
	EndGlobalSection
EndGlobal
